
Microsoft Visual Studio Solution File, Format Version 12.00
# Visual Studio 15
VisualStudioVersion = 15.0.27130.0
MinimumVisualStudioVersion = 10.0.40219.1
Project("{FAE04EC0-301F-11D3-BF4B-00C04F79EFBC}") = "MyCryptoMonitor", "MyCryptoMonitor\MyCryptoMonitor.csproj", "{CC174702-B3FF-4523-B20F-147C802EF5AE}"
EndProject
Global
	GlobalSection(SolutionConfigurationPlatforms) = preSolution
		Debug|Any CPU = Debug|Any CPU
		Release|Any CPU = Release|Any CPU
	EndGlobalSection
	GlobalSection(ProjectConfigurationPlatforms) = postSolution
		{CC174702-B3FF-4523-B20F-147C802EF5AE}.Debug|Any CPU.ActiveCfg = Debug|Any CPU
		{CC174702-B3FF-4523-B20F-147C802EF5AE}.Debug|Any CPU.Build.0 = Debug|Any CPU
		{CC174702-B3FF-4523-B20F-147C802EF5AE}.Release|Any CPU.ActiveCfg = Release|Any CPU
		{CC174702-B3FF-4523-B20F-147C802EF5AE}.Release|Any CPU.Build.0 = Release|Any CPU
	EndGlobalSection
	GlobalSection(SolutionProperties) = preSolution
		HideSolutionNode = FALSE
	EndGlobalSection
	GlobalSection(ExtensibilityGlobals) = postSolution
		SolutionGuid = {EABCBD1D-4C9A-4049-B081-E75FD4C52FA0}
	EndGlobalSection
EndGlobal
